
Microsoft Visual Studio Solution File, Format Version 12.00
# Visual Studio Version 17
VisualStudioVersion = 17.3.32922.545
MinimumVisualStudioVersion = 10.0.40219.1
Project("{FAE04EC0-301F-11D3-BF4B-00C04F79EFBC}") = "Ifing", "Ifing\Ifing.csproj", "{EDDAD8E2-2220-495A-A99C-3FCF91050B5A}"
EndProject
Global
	GlobalSection(SolutionConfigurationPlatforms) = preSolution
		Debug|Any CPU = Debug|Any CPU
		Release|Any CPU = Release|Any CPU
	EndGlobalSection
	GlobalSection(ProjectConfigurationPlatforms) = postSolution
		{EDDAD8E2-2220-495A-A99C-3FCF91050B5A}.Debug|Any CPU.ActiveCfg = Debug|Any CPU
		{EDDAD8E2-2220-495A-A99C-3FCF91050B5A}.Debug|Any CPU.Build.0 = Debug|Any CPU
		{EDDAD8E2-2220-495A-A99C-3FCF91050B5A}.Release|Any CPU.ActiveCfg = Release|Any CPU
		{EDDAD8E2-2220-495A-A99C-3FCF91050B5A}.Release|Any CPU.Build.0 = Release|Any CPU
	EndGlobalSection
	GlobalSection(SolutionProperties) = preSolution
		HideSolutionNode = FALSE
	EndGlobalSection
	GlobalSection(ExtensibilityGlobals) = postSolution
		SolutionGuid = {2AAF3A99-0832-430D-8974-26DBAA5CDCC7}
	EndGlobalSection
EndGlobal
